
Microsoft Visual Studio Solution File, Format Version 12.00
# Visual Studio 2012
Project("{FAE04EC0-301F-11D3-BF4B-00C04F79EFBC}") = "MobileLoggerApp", "MobileLoggerApp\MobileLoggerApp.csproj", "{9334832D-33EC-46D4-9DC2-5F81502BE946}"
EndProject
Project("{FAE04EC0-301F-11D3-BF4B-00C04F79EFBC}") = "MobileLoggerTest", "MobileLoggerTest\MobileLoggerTest.csproj", "{07A5C268-8FEB-45F8-8FA0-DBD6650C0EBB}"
EndProject
Project("{2150E333-8FDC-42A3-9474-1A3956D46DE8}") = ".nuget", ".nuget", "{78231F04-2F85-4CE1-BC91-80B857FA6C97}"
	ProjectSection(SolutionItems) = preProject
		.nuget\packages.config = .nuget\packages.config
	EndProjectSection
EndProject
Global
	GlobalSection(SolutionConfigurationPlatforms) = preSolution
		Debug|Any CPU = Debug|Any CPU
		Release|Any CPU = Release|Any CPU
	EndGlobalSection
	GlobalSection(ProjectConfigurationPlatforms) = postSolution
		{9334832D-33EC-46D4-9DC2-5F81502BE946}.Debug|Any CPU.ActiveCfg = Debug|Any CPU
		{9334832D-33EC-46D4-9DC2-5F81502BE946}.Debug|Any CPU.Build.0 = Debug|Any CPU
		{9334832D-33EC-46D4-9DC2-5F81502BE946}.Debug|Any CPU.Deploy.0 = Debug|Any CPU
		{9334832D-33EC-46D4-9DC2-5F81502BE946}.Release|Any CPU.ActiveCfg = Release|Any CPU
		{9334832D-33EC-46D4-9DC2-5F81502BE946}.Release|Any CPU.Build.0 = Release|Any CPU
		{9334832D-33EC-46D4-9DC2-5F81502BE946}.Release|Any CPU.Deploy.0 = Release|Any CPU
		{07A5C268-8FEB-45F8-8FA0-DBD6650C0EBB}.Debug|Any CPU.ActiveCfg = Debug|Any CPU
		{07A5C268-8FEB-45F8-8FA0-DBD6650C0EBB}.Debug|Any CPU.Build.0 = Debug|Any CPU
		{07A5C268-8FEB-45F8-8FA0-DBD6650C0EBB}.Release|Any CPU.ActiveCfg = Release|Any CPU
		{07A5C268-8FEB-45F8-8FA0-DBD6650C0EBB}.Release|Any CPU.Build.0 = Release|Any CPU
	EndGlobalSection
	GlobalSection(SolutionProperties) = preSolution
		HideSolutionNode = FALSE
	EndGlobalSection
EndGlobal
